// !$*UTF8*$!
{
	archiveVersion = 1;
	classes = {
	};
	objectVersion = 56;
	objects = {

/* Begin PBXBuildFile section */
		BE6FCDCE2B833450003DF4AD /* AppDelegate.swift in Sources */ = {isa = PBXBuildFile; fileRef = BE6FCDCD2B833450003DF4AD /* AppDelegate.swift */; };
		BE6FCDD02B833450003DF4AD /* SceneDelegate.swift in Sources */ = {isa = PBXBuildFile; fileRef = BE6FCDCF2B833450003DF4AD /* SceneDelegate.swift */; };
		BE6FCDD22B833450003DF4AD /* ViewController.swift in Sources */ = {isa = PBXBuildFile; fileRef = BE6FCDD12B833450003DF4AD /* ViewController.swift */; };
		BE6FCDD72B833452003DF4AD /* Assets.xcassets in Resources */ = {isa = PBXBuildFile; fileRef = BE6FCDD62B833452003DF4AD /* Assets.xcassets */; };
		BE6FCDDA2B833452003DF4AD /* LaunchScreen.storyboard in Resources */ = {isa = PBXBuildFile; fileRef = BE6FCDD82B833452003DF4AD /* LaunchScreen.storyboard */; };
		BE6FCDE42B833521003DF4AD /* MainView.swift in Sources */ = {isa = PBXBuildFile; fileRef = BE6FCDE32B833521003DF4AD /* MainView.swift */; };
		BE6FCDE92B8347E7003DF4AD /* Gilroy-Bold.ttf in Resources */ = {isa = PBXBuildFile; fileRef = BE6FCDE62B8347E7003DF4AD /* Gilroy-Bold.ttf */; };
		BE6FCDEB2B8347E7003DF4AD /* Gilroy-Regular.ttf in Resources */ = {isa = PBXBuildFile; fileRef = BE6FCDE82B8347E7003DF4AD /* Gilroy-Regular.ttf */; };
		BE6FCDF22B83EA71003DF4AD /* Question.swift in Sources */ = {isa = PBXBuildFile; fileRef = BE6FCDF12B83EA71003DF4AD /* Question.swift */; };
		BE6FCDF72B85D154003DF4AD /* QuizBrain.swift in Sources */ = {isa = PBXBuildFile; fileRef = BE6FCDF62B85D154003DF4AD /* QuizBrain.swift */; };
/* End PBXBuildFile section */

/* Begin PBXFileReference section */
		BE6FCDCA2B833450003DF4AD /* Quizzler.app */ = {isa = PBXFileReference; explicitFileType = wrapper.application; includeInIndex = 0; path = Quizzler.app; sourceTree = BUILT_PRODUCTS_DIR; };
		BE6FCDCD2B833450003DF4AD /* AppDelegate.swift */ = {isa = PBXFileReference; lastKnownFileType = sourcecode.swift; path = AppDelegate.swift; sourceTree = "<group>"; };
		BE6FCDCF2B833450003DF4AD /* SceneDelegate.swift */ = {isa = PBXFileReference; lastKnownFileType = sourcecode.swift; path = SceneDelegate.swift; sourceTree = "<group>"; };
		BE6FCDD12B833450003DF4AD /* ViewController.swift */ = {isa = PBXFileReference; lastKnownFileType = sourcecode.swift; path = ViewController.swift; sourceTree = "<group>"; };
		BE6FCDD62B833452003DF4AD /* Assets.xcassets */ = {isa = PBXFileReference; lastKnownFileType = folder.assetcatalog; path = Assets.xcassets; sourceTree = "<group>"; };
		BE6FCDD92B833452003DF4AD /* Base */ = {isa = PBXFileReference; lastKnownFileType = file.storyboard; name = Base; path = Base.lproj/LaunchScreen.storyboard; sourceTree = "<group>"; };
		BE6FCDDB2B833452003DF4AD /* Info.plist */ = {isa = PBXFileReference; lastKnownFileType = text.plist.xml; path = Info.plist; sourceTree = "<group>"; };
		BE6FCDE32B833521003DF4AD /* MainView.swift */ = {isa = PBXFileReference; lastKnownFileType = sourcecode.swift; path = MainView.swift; sourceTree = "<group>"; };
		BE6FCDE62B8347E7003DF4AD /* Gilroy-Bold.ttf */ = {isa = PBXFileReference; lastKnownFileType = file; path = "Gilroy-Bold.ttf"; sourceTree = "<group>"; };
		BE6FCDE82B8347E7003DF4AD /* Gilroy-Regular.ttf */ = {isa = PBXFileReference; lastKnownFileType = file; path = "Gilroy-Regular.ttf"; sourceTree = "<group>"; };
		BE6FCDF12B83EA71003DF4AD /* Question.swift */ = {isa = PBXFileReference; lastKnownFileType = sourcecode.swift; path = Question.swift; sourceTree = "<group>"; };
		BE6FCDF62B85D154003DF4AD /* QuizBrain.swift */ = {isa = PBXFileReference; lastKnownFileType = sourcecode.swift; path = QuizBrain.swift; sourceTree = "<group>"; };
/* End PBXFileReference section */

/* Begin PBXFrameworksBuildPhase section */
		BE6FCDC72B833450003DF4AD /* Frameworks */ = {
			isa = PBXFrameworksBuildPhase;
			buildActionMask = 2147483647;
			files = (
			);
			runOnlyForDeploymentPostprocessing = 0;
		};
/* End PBXFrameworksBuildPhase section */

/* Begin PBXGroup section */
		BE6FCDC12B833450003DF4AD = {
			isa = PBXGroup;
			children = (
				BE6FCDCC2B833450003DF4AD /* Quizzler */,
				BE6FCDCB2B833450003DF4AD /* Products */,
			);
			sourceTree = "<group>";
		};
		BE6FCDCB2B833450003DF4AD /* Products */ = {
			isa = PBXGroup;
			children = (
				BE6FCDCA2B833450003DF4AD /* Quizzler.app */,
			);
			name = Products;
			sourceTree = "<group>";
		};
		BE6FCDCC2B833450003DF4AD /* Quizzler */ = {
			isa = PBXGroup;
			children = (
				BE6FCDE22B833512003DF4AD /* Application */,
				BE6FCDF52B85D135003DF4AD /* Model */,
				BE6FCDF42B85D129003DF4AD /* View */,
				BE6FCDF32B85D10B003DF4AD /* Controller */,
				BE6FCDEC2B83489A003DF4AD /* Font */,
				BE6FCDE12B8334D7003DF4AD /* Resources */,
			);
			path = Quizzler;
			sourceTree = "<group>";
		};
		BE6FCDE12B8334D7003DF4AD /* Resources */ = {
			isa = PBXGroup;
			children = (
				BE6FCDD62B833452003DF4AD /* Assets.xcassets */,
				BE6FCDD82B833452003DF4AD /* LaunchScreen.storyboard */,
				BE6FCDDB2B833452003DF4AD /* Info.plist */,
			);
			path = Resources;
			sourceTree = "<group>";
		};
		BE6FCDE22B833512003DF4AD /* Application */ = {
			isa = PBXGroup;
			children = (
				BE6FCDCD2B833450003DF4AD /* AppDelegate.swift */,
				BE6FCDCF2B833450003DF4AD /* SceneDelegate.swift */,
			);
			path = Application;
			sourceTree = "<group>";
		};
		BE6FCDEC2B83489A003DF4AD /* Font */ = {
			isa = PBXGroup;
			children = (
				BE6FCDE62B8347E7003DF4AD /* Gilroy-Bold.ttf */,
				BE6FCDE82B8347E7003DF4AD /* Gilroy-Regular.ttf */,
			);
			path = Font;
			sourceTree = "<group>";
		};
		BE6FCDF32B85D10B003DF4AD /* Controller */ = {
			isa = PBXGroup;
			children = (
				BE6FCDD12B833450003DF4AD /* ViewController.swift */,
			);
			path = Controller;
			sourceTree = "<group>";
		};
		BE6FCDF42B85D129003DF4AD /* View */ = {
			isa = PBXGroup;
			children = (
				BE6FCDE32B833521003DF4AD /* MainView.swift */,
			);
			path = View;
			sourceTree = "<group>";
		};
		BE6FCDF52B85D135003DF4AD /* Model */ = {
			isa = PBXGroup;
			children = (
				BE6FCDF12B83EA71003DF4AD /* Question.swift */,
				BE6FCDF62B85D154003DF4AD /* QuizBrain.swift */,
			);
			path = Model;
			sourceTree = "<group>";
		};
/* End PBXGroup section */

/* Begin PBXNativeTarget section */
		BE6FCDC92B833450003DF4AD /* Quizzler */ = {
			isa = PBXNativeTarget;
			buildConfigurationList = BE6FCDDE2B833452003DF4AD /* Build configuration list for PBXNativeTarget "Quizzler" */;
			buildPhases = (
				BE6FCDC62B833450003DF4AD /* Sources */,
				BE6FCDC72B833450003DF4AD /* Frameworks */,
				BE6FCDC82B833450003DF4AD /* Resources */,
			);
			buildRules = (
			);
			dependencies = (
			);
			name = Quizzler;
			productName = Quizzler;
			productReference = BE6FCDCA2B833450003DF4AD /* Quizzler.app */;
			productType = "com.apple.product-type.application";
		};
/* End PBXNativeTarget section */

/* Begin PBXProject section */
		BE6FCDC22B833450003DF4AD /* Project object */ = {
			isa = PBXProject;
			attributes = {
				BuildIndependentTargetsInParallel = 1;
				LastSwiftUpdateCheck = 1500;
				LastUpgradeCheck = 1500;
				TargetAttributes = {
					BE6FCDC92B833450003DF4AD = {
						CreatedOnToolsVersion = 15.0.1;
					};
				};
			};
			buildConfigurationList = BE6FCDC52B833450003DF4AD /* Build configuration list for PBXProject "Quizzler" */;
			compatibilityVersion = "Xcode 14.0";
			developmentRegion = en;
			hasScannedForEncodings = 0;
			knownRegions = (
				en,
				Base,
			);
			mainGroup = BE6FCDC12B833450003DF4AD;
			productRefGroup = BE6FCDCB2B833450003DF4AD /* Products */;
			projectDirPath = "";
			projectRoot = "";
			targets = (
				BE6FCDC92B833450003DF4AD /* Quizzler */,
			);
		};
/* End PBXProject section */

/* Begin PBXResourcesBuildPhase section */
		BE6FCDC82B833450003DF4AD /* Resources */ = {
			isa = PBXResourcesBuildPhase;
			buildActionMask = 2147483647;
			files = (
				BE6FCDDA2B833452003DF4AD /* LaunchScreen.storyboard in Resources */,
				BE6FCDE92B8347E7003DF4AD /* Gilroy-Bold.ttf in Resources */,
				BE6FCDD72B833452003DF4AD /* Assets.xcassets in Resources */,
				BE6FCDEB2B8347E7003DF4AD /* Gilroy-Regular.ttf in Resources */,
			);
			runOnlyForDeploymentPostprocessing = 0;
		};
/* End PBXResourcesBuildPhase section */

/* Begin PBXSourcesBuildPhase section */
		BE6FCDC62B833450003DF4AD /* Sources */ = {
			isa = PBXSourcesBuildPhase;
			buildActionMask = 2147483647;
			files = (
				BE6FCDF22B83EA71003DF4AD /* Question.swift in Sources */,
				BE6FCDD22B833450003DF4AD /* ViewController.swift in Sources */,
				BE6FCDE42B833521003DF4AD /* MainView.swift in Sources */,
				BE6FCDF72B85D154003DF4AD /* QuizBrain.swift in Sources */,
				BE6FCDCE2B833450003DF4AD /* AppDelegate.swift in Sources */,
				BE6FCDD02B833450003DF4AD /* SceneDelegate.swift in Sources */,
			);
			runOnlyForDeploymentPostprocessing = 0;
		};
/* End PBXSourcesBuildPhase section */

/* Begin PBXVariantGroup section */
		BE6FCDD82B833452003DF4AD /* LaunchScreen.storyboard */ = {
			isa = PBXVariantGroup;
			children = (
				BE6FCDD92B833452003DF4AD /* Base */,
			);
			name = LaunchScreen.storyboard;
			sourceTree = "<group>";
		};
/* End PBXVariantGroup section */

/* Begin XCBuildConfiguration section */
		BE6FCDDC2B833452003DF4AD /* Debug */ = {
			isa = XCBuildConfiguration;
			buildSettings = {
				ALWAYS_SEARCH_USER_PATHS = NO;
				ASSETCATALOG_COMPILER_GENERATE_SWIFT_ASSET_SYMBOL_EXTENSIONS = YES;
				CLANG_ANALYZER_NONNULL = YES;
				CLANG_ANALYZER_NUMBER_OBJECT_CONVERSION = YES_AGGRESSIVE;
				CLANG_CXX_LANGUAGE_STANDARD = "gnu++20";
				CLANG_ENABLE_MODULES = YES;
				CLANG_ENABLE_OBJC_ARC = YES;
				CLANG_ENABLE_OBJC_WEAK = YES;
				CLANG_WARN_BLOCK_CAPTURE_AUTORELEASING = YES;
				CLANG_WARN_BOOL_CONVERSION = YES;
				CLANG_WARN_COMMA = YES;
				CLANG_WARN_CONSTANT_CONVERSION = YES;
				CLANG_WARN_DEPRECATED_OBJC_IMPLEMENTATIONS = YES;
				CLANG_WARN_DIRECT_OBJC_ISA_USAGE = YES_ERROR;
				CLANG_WARN_DOCUMENTATION_COMMENTS = YES;
				CLANG_WARN_EMPTY_BODY = YES;
				CLANG_WARN_ENUM_CONVERSION = YES;
				CLANG_WARN_INFINITE_RECURSION = YES;
				CLANG_WARN_INT_CONVERSION = YES;
				CLANG_WARN_NON_LITERAL_NULL_CONVERSION = YES;
				CLANG_WARN_OBJC_IMPLICIT_RETAIN_SELF = YES;
				CLANG_WARN_OBJC_LITERAL_CONVERSION = YES;
				CLANG_WARN_OBJC_ROOT_CLASS = YES_ERROR;
				CLANG_WARN_QUOTED_INCLUDE_IN_FRAMEWORK_HEADER = YES;
				CLANG_WARN_RANGE_LOOP_ANALYSIS = YES;
				CLANG_WARN_STRICT_PROTOTYPES = YES;
				CLANG_WARN_SUSPICIOUS_MOVE = YES;
				CLANG_WARN_UNGUARDED_AVAILABILITY = YES_AGGRESSIVE;
				CLANG_WARN_UNREACHABLE_CODE = YES;
				CLANG_WARN__DUPLICATE_METHOD_MATCH = YES;
				COPY_PHASE_STRIP = NO;
				DEBUG_INFORMATION_FORMAT = dwarf;
				ENABLE_STRICT_OBJC_MSGSEND = YES;
				ENABLE_TESTABILITY = YES;
				ENABLE_USER_SCRIPT_SANDBOXING = YES;
				GCC_C_LANGUAGE_STANDARD = gnu17;
				GCC_DYNAMIC_NO_PIC = NO;
				GCC_NO_COMMON_BLOCKS = YES;
				GCC_OPTIMIZATION_LEVEL = 0;
				GCC_PREPROCESSOR_DEFINITIONS = (
					"DEBUG=1",
					"$(inherited)",
				);
				GCC_WARN_64_TO_32_BIT_CONVERSION = YES;
				GCC_WARN_ABOUT_RETURN_TYPE = YES_ERROR;
				GCC_WARN_UNDECLARED_SELECTOR = YES;
				GCC_WARN_UNINITIALIZED_AUTOS = YES_AGGRESSIVE;
				GCC_WARN_UNUSED_FUNCTION = YES;
				GCC_WARN_UNUSED_VARIABLE = YES;
				IPHONEOS_DEPLOYMENT_TARGET = 17.0;
				LOCALIZATION_PREFERS_STRING_CATALOGS = YES;
				MTL_ENABLE_DEBUG_INFO = INCLUDE_SOURCE;
				MTL_FAST_MATH = YES;
				ONLY_ACTIVE_ARCH = YES;
				SDKROOT = iphoneos;
				SWIFT_ACTIVE_COMPILATION_CONDITIONS = "DEBUG $(inherited)";
				SWIFT_OPTIMIZATION_LEVEL = "-Onone";
			};
			name = Debug;
		};
		BE6FCDDD2B833452003DF4AD /* Release */ = {
			isa = XCBuildConfiguration;
			buildSettings = {
				ALWAYS_SEARCH_USER_PATHS = NO;
				ASSETCATALOG_COMPILER_GENERATE_SWIFT_ASSET_SYMBOL_EXTENSIONS = YES;
				CLANG_ANALYZER_NONNULL = YES;
				CLANG_ANALYZER_NUMBER_OBJECT_CONVERSION = YES_AGGRESSIVE;
				CLANG_CXX_LANGUAGE_STANDARD = "gnu++20";
				CLANG_ENABLE_MODULES = YES;
				CLANG_ENABLE_OBJC_ARC = YES;
				CLANG_ENABLE_OBJC_WEAK = YES;
				CLANG_WARN_BLOCK_CAPTURE_AUTORELEASING = YES;
				CLANG_WARN_BOOL_CONVERSION = YES;
				CLANG_WARN_COMMA = YES;
				CLANG_WARN_CONSTANT_CONVERSION = YES;
				CLANG_WARN_DEPRECATED_OBJC_IMPLEMENTATIONS = YES;
				CLANG_WARN_DIRECT_OBJC_ISA_USAGE = YES_ERROR;
				CLANG_WARN_DOCUMENTATION_COMMENTS = YES;
				CLANG_WARN_EMPTY_BODY = YES;
				CLANG_WARN_ENUM_CONVERSION = YES;
				CLANG_WARN_INFINITE_RECURSION = YES;
				CLANG_WARN_INT_CONVERSION = YES;
				CLANG_WARN_NON_LITERAL_NULL_CONVERSION = YES;
				CLANG_WARN_OBJC_IMPLICIT_RETAIN_SELF = YES;
				CLANG_WARN_OBJC_LITERAL_CONVERSION = YES;
				CLANG_WARN_OBJC_ROOT_CLASS = YES_ERROR;
				CLANG_WARN_QUOTED_INCLUDE_IN_FRAMEWORK_HEADER = YES;
				CLANG_WARN_RANGE_LOOP_ANALYSIS = YES;
				CLANG_WARN_STRICT_PROTOTYPES = YES;
				CLANG_WARN_SUSPICIOUS_MOVE = YES;
				CLANG_WARN_UNGUARDED_AVAILABILITY = YES_AGGRESSIVE;
				CLANG_WARN_UNREACHABLE_CODE = YES;
				CLANG_WARN__DUPLICATE_METHOD_MATCH = YES;
				COPY_PHASE_STRIP = NO;
				DEBUG_INFORMATION_FORMAT = "dwarf-with-dsym";
				ENABLE_NS_ASSERTIONS = NO;
				ENABLE_STRICT_OBJC_MSGSEND = YES;
				ENABLE_USER_SCRIPT_SANDBOXING = YES;
				GCC_C_LANGUAGE_STANDARD = gnu17;
				GCC_NO_COMMON_BLOCKS = YES;
				GCC_WARN_64_TO_32_BIT_CONVERSION = YES;
				GCC_WARN_ABOUT_RETURN_TYPE = YES_ERROR;
				GCC_WARN_UNDECLARED_SELECTOR = YES;
				GCC_WARN_UNINITIALIZED_AUTOS = YES_AGGRESSIVE;
				GCC_WARN_UNUSED_FUNCTION = YES;
				GCC_WARN_UNUSED_VARIABLE = YES;
				IPHONEOS_DEPLOYMENT_TARGET = 17.0;
				LOCALIZATION_PREFERS_STRING_CATALOGS = YES;
				MTL_ENABLE_DEBUG_INFO = NO;
				MTL_FAST_MATH = YES;
				SDKROOT = iphoneos;
				SWIFT_COMPILATION_MODE = wholemodule;
				VALIDATE_PRODUCT = YES;
			};
			name = Release;
		};
		BE6FCDDF2B833452003DF4AD /* Debug */ = {
			isa = XCBuildConfiguration;
			buildSettings = {
				ASSETCATALOG_COMPILER_APPICON_NAME = AppIcon;
				ASSETCATALOG_COMPILER_GLOBAL_ACCENT_COLOR_NAME = AccentColor;
				CODE_SIGN_STYLE = Automatic;
				CURRENT_PROJECT_VERSION = 1;
				GENERATE_INFOPLIST_FILE = YES;
				INFOPLIST_FILE = Quizzler/Resources/Info.plist;
				INFOPLIST_KEY_UIApplicationSupportsIndirectInputEvents = YES;
				INFOPLIST_KEY_UILaunchStoryboardName = LaunchScreen;
				INFOPLIST_KEY_UISupportedInterfaceOrientations_iPad = "UIInterfaceOrientationPortrait UIInterfaceOrientationPortraitUpsideDown UIInterfaceOrientationLandscapeLeft UIInterfaceOrientationLandscapeRight";
				INFOPLIST_KEY_UISupportedInterfaceOrientations_iPhone = "UIInterfaceOrientationPortrait UIInterfaceOrientationLandscapeLeft UIInterfaceOrientationLandscapeRight";
				LD_RUNPATH_SEARCH_PATHS = (
					"$(inherited)",
					"@executable_path/Frameworks",
				);
				MARKETING_VERSION = 1.0;
				PRODUCT_BUNDLE_IDENTIFIER = IvanSemenov.Quizzler;
				PRODUCT_NAME = "$(TARGET_NAME)";
				SWIFT_EMIT_LOC_STRINGS = YES;
				SWIFT_VERSION = 5.0;
				TARGETED_DEVICE_FAMILY = "1,2";
			};
			name = Debug;
		};
		BE6FCDE02B833452003DF4AD /* Release */ = {
			isa = XCBuildConfiguration;
			buildSettings = {
				ASSETCATALOG_COMPILER_APPICON_NAME = AppIcon;
				ASSETCATALOG_COMPILER_GLOBAL_ACCENT_COLOR_NAME = AccentColor;
				CODE_SIGN_STYLE = Automatic;
				CURRENT_PROJECT_VERSION = 1;
				GENERATE_INFOPLIST_FILE = YES;
				INFOPLIST_FILE = Quizzler/Resources/Info.plist;
				INFOPLIST_KEY_UIApplicationSupportsIndirectInputEvents = YES;
				INFOPLIST_KEY_UILaunchStoryboardName = LaunchScreen;
				INFOPLIST_KEY_UISupportedInterfaceOrientations_iPad = "UIInterfaceOrientationPortrait UIInterfaceOrientationPortraitUpsideDown UIInterfaceOrientationLandscapeLeft UIInterfaceOrientationLandscapeRight";
				INFOPLIST_KEY_UISupportedInterfaceOrientations_iPhone = "UIInterfaceOrientationPortrait UIInterfaceOrientationLandscapeLeft UIInterfaceOrientationLandscapeRight";
				LD_RUNPATH_SEARCH_PATHS = (
					"$(inherited)",
					"@executable_path/Frameworks",
				);
				MARKETING_VERSION = 1.0;
				PRODUCT_BUNDLE_IDENTIFIER = IvanSemenov.Quizzler;
				PRODUCT_NAME = "$(TARGET_NAME)";
				SWIFT_EMIT_LOC_STRINGS = YES;
				SWIFT_VERSION = 5.0;
				TARGETED_DEVICE_FAMILY = "1,2";
			};
			name = Release;
		};
/* End XCBuildConfiguration section */

/* Begin XCConfigurationList section */
		BE6FCDC52B833450003DF4AD /* Build configuration list for PBXProject "Quizzler" */ = {
			isa = XCConfigurationList;
			buildConfigurations = (
				BE6FCDDC2B833452003DF4AD /* Debug */,
				BE6FCDDD2B833452003DF4AD /* Release */,
			);
			defaultConfigurationIsVisible = 0;
			defaultConfigurationName = Release;
		};
		BE6FCDDE2B833452003DF4AD /* Build configuration list for PBXNativeTarget "Quizzler" */ = {
			isa = XCConfigurationList;
			buildConfigurations = (
				BE6FCDDF2B833452003DF4AD /* Debug */,
				BE6FCDE02B833452003DF4AD /* Release */,
			);
			defaultConfigurationIsVisible = 0;
			defaultConfigurationName = Release;
		};
/* End XCConfigurationList section */
	};
	rootObject = BE6FCDC22B833450003DF4AD /* Project object */;
}
